// !$*UTF8*$!
{
	archiveVersion = 1;
	classes = {
	};
	objectVersion = 50;
	objects = {

/* Begin PBXBuildFile section */
		C802172821F4019F007C69F4 /* AppDelegate.m in Sources */ = {isa = PBXBuildFile; fileRef = C802172721F4019F007C69F4 /* AppDelegate.m */; };
		C802172B21F4019F007C69F4 /* ViewController.m in Sources */ = {isa = PBXBuildFile; fileRef = C802172A21F4019F007C69F4 /* ViewController.m */; };
		C802172E21F4019F007C69F4 /* Main.storyboard in Resources */ = {isa = PBXBuildFile; fileRef = C802172C21F4019F007C69F4 /* Main.storyboard */; };
		C802173021F4019F007C69F4 /* Assets.xcassets in Resources */ = {isa = PBXBuildFile; fileRef = C802172F21F4019F007C69F4 /* Assets.xcassets */; };
		C802173321F4019F007C69F4 /* LaunchScreen.storyboard in Resources */ = {isa = PBXBuildFile; fileRef = C802173121F4019F007C69F4 /* LaunchScreen.storyboard */; };
		C802173621F4019F007C69F4 /* main.m in Sources */ = {isa = PBXBuildFile; fileRef = C802173521F4019F007C69F4 /* main.m */; };
		C802174021F401A0007C69F4 /* BillSplitterTests.m in Sources */ = {isa = PBXBuildFile; fileRef = C802173F21F401A0007C69F4 /* BillSplitterTests.m */; };
		C802174B21F401A0007C69F4 /* BillSplitterUITests.m in Sources */ = {isa = PBXBuildFile; fileRef = C802174A21F401A0007C69F4 /* BillSplitterUITests.m */; };
/* End PBXBuildFile section */

/* Begin PBXContainerItemProxy section */
		C802173C21F401A0007C69F4 /* PBXContainerItemProxy */ = {
			isa = PBXContainerItemProxy;
			containerPortal = C802171B21F4019F007C69F4 /* Project object */;
			proxyType = 1;
			remoteGlobalIDString = C802172221F4019F007C69F4;
			remoteInfo = BillSplitter;
		};
		C802174721F401A0007C69F4 /* PBXContainerItemProxy */ = {
			isa = PBXContainerItemProxy;
			containerPortal = C802171B21F4019F007C69F4 /* Project object */;
			proxyType = 1;
			remoteGlobalIDString = C802172221F4019F007C69F4;
			remoteInfo = BillSplitter;
		};
/* End PBXContainerItemProxy section */

/* Begin PBXFileReference section */
		C802172321F4019F007C69F4 /* BillSplitter.app */ = {isa = PBXFileReference; explicitFileType = wrapper.application; includeInIndex = 0; path = BillSplitter.app; sourceTree = BUILT_PRODUCTS_DIR; };
		C802172621F4019F007C69F4 /* AppDelegate.h */ = {isa = PBXFileReference; lastKnownFileType = sourcecode.c.h; path = AppDelegate.h; sourceTree = "<group>"; };
		C802172721F4019F007C69F4 /* AppDelegate.m */ = {isa = PBXFileReference; lastKnownFileType = sourcecode.c.objc; path = AppDelegate.m; sourceTree = "<group>"; };
		C802172921F4019F007C69F4 /* ViewController.h */ = {isa = PBXFileReference; lastKnownFileType = sourcecode.c.h; path = ViewController.h; sourceTree = "<group>"; };
		C802172A21F4019F007C69F4 /* ViewController.m */ = {isa = PBXFileReference; lastKnownFileType = sourcecode.c.objc; path = ViewController.m; sourceTree = "<group>"; };
		C802172D21F4019F007C69F4 /* Base */ = {isa = PBXFileReference; lastKnownFileType = file.storyboard; name = Base; path = Base.lproj/Main.storyboard; sourceTree = "<group>"; };
		C802172F21F4019F007C69F4 /* Assets.xcassets */ = {isa = PBXFileReference; lastKnownFileType = folder.assetcatalog; path = Assets.xcassets; sourceTree = "<group>"; };
		C802173221F4019F007C69F4 /* Base */ = {isa = PBXFileReference; lastKnownFileType = file.storyboard; name = Base; path = Base.lproj/LaunchScreen.storyboard; sourceTree = "<group>"; };
		C802173421F4019F007C69F4 /* Info.plist */ = {isa = PBXFileReference; lastKnownFileType = text.plist.xml; path = Info.plist; sourceTree = "<group>"; };
		C802173521F4019F007C69F4 /* main.m */ = {isa = PBXFileReference; lastKnownFileType = sourcecode.c.objc; path = main.m; sourceTree = "<group>"; };
		C802173B21F401A0007C69F4 /* BillSplitterTests.xctest */ = {isa = PBXFileReference; explicitFileType = wrapper.cfbundle; includeInIndex = 0; path = BillSplitterTests.xctest; sourceTree = BUILT_PRODUCTS_DIR; };
		C802173F21F401A0007C69F4 /* BillSplitterTests.m */ = {isa = PBXFileReference; lastKnownFileType = sourcecode.c.objc; path = BillSplitterTests.m; sourceTree = "<group>"; };
		C802174121F401A0007C69F4 /* Info.plist */ = {isa = PBXFileReference; lastKnownFileType = text.plist.xml; path = Info.plist; sourceTree = "<group>"; };
		C802174621F401A0007C69F4 /* BillSplitterUITests.xctest */ = {isa = PBXFileReference; explicitFileType = wrapper.cfbundle; includeInIndex = 0; path = BillSplitterUITests.xctest; sourceTree = BUILT_PRODUCTS_DIR; };
		C802174A21F401A0007C69F4 /* BillSplitterUITests.m */ = {isa = PBXFileReference; lastKnownFileType = sourcecode.c.objc; path = BillSplitterUITests.m; sourceTree = "<group>"; };
		C802174C21F401A0007C69F4 /* Info.plist */ = {isa = PBXFileReference; lastKnownFileType = text.plist.xml; path = Info.plist; sourceTree = "<group>"; };
/* End PBXFileReference section */

/* Begin PBXFrameworksBuildPhase section */
		C802172021F4019F007C69F4 /* Frameworks */ = {
			isa = PBXFrameworksBuildPhase;
			buildActionMask = 2147483647;
			files = (
			);
			runOnlyForDeploymentPostprocessing = 0;
		};
		C802173821F401A0007C69F4 /* Frameworks */ = {
			isa = PBXFrameworksBuildPhase;
			buildActionMask = 2147483647;
			files = (
			);
			runOnlyForDeploymentPostprocessing = 0;
		};
		C802174321F401A0007C69F4 /* Frameworks */ = {
			isa = PBXFrameworksBuildPhase;
			buildActionMask = 2147483647;
			files = (
			);
			runOnlyForDeploymentPostprocessing = 0;
		};
/* End PBXFrameworksBuildPhase section */

/* Begin PBXGroup section */
		C802171A21F4019F007C69F4 = {
			isa = PBXGroup;
			children = (
				C802172521F4019F007C69F4 /* BillSplitter */,
				C802173E21F401A0007C69F4 /* BillSplitterTests */,
				C802174921F401A0007C69F4 /* BillSplitterUITests */,
				C802172421F4019F007C69F4 /* Products */,
			);
			sourceTree = "<group>";
		};
		C802172421F4019F007C69F4 /* Products */ = {
			isa = PBXGroup;
			children = (
				C802172321F4019F007C69F4 /* BillSplitter.app */,
				C802173B21F401A0007C69F4 /* BillSplitterTests.xctest */,
				C802174621F401A0007C69F4 /* BillSplitterUITests.xctest */,
			);
			name = Products;
			sourceTree = "<group>";
		};
		C802172521F4019F007C69F4 /* BillSplitter */ = {
			isa = PBXGroup;
			children = (
				C802172621F4019F007C69F4 /* AppDelegate.h */,
				C802172721F4019F007C69F4 /* AppDelegate.m */,
				C802172921F4019F007C69F4 /* ViewController.h */,
				C802172A21F4019F007C69F4 /* ViewController.m */,
				C802172C21F4019F007C69F4 /* Main.storyboard */,
				C802172F21F4019F007C69F4 /* Assets.xcassets */,
				C802173121F4019F007C69F4 /* LaunchScreen.storyboard */,
				C802173421F4019F007C69F4 /* Info.plist */,
				C802173521F4019F007C69F4 /* main.m */,
			);
			path = BillSplitter;
			sourceTree = "<group>";
		};
		C802173E21F401A0007C69F4 /* BillSplitterTests */ = {
			isa = PBXGroup;
			children = (
				C802173F21F401A0007C69F4 /* BillSplitterTests.m */,
				C802174121F401A0007C69F4 /* Info.plist */,
			);
			path = BillSplitterTests;
			sourceTree = "<group>";
		};
		C802174921F401A0007C69F4 /* BillSplitterUITests */ = {
			isa = PBXGroup;
			children = (
				C802174A21F401A0007C69F4 /* BillSplitterUITests.m */,
				C802174C21F401A0007C69F4 /* Info.plist */,
			);
			path = BillSplitterUITests;
			sourceTree = "<group>";
		};
/* End PBXGroup section */

/* Begin PBXNativeTarget section */
		C802172221F4019F007C69F4 /* BillSplitter */ = {
			isa = PBXNativeTarget;
			buildConfigurationList = C802174F21F401A0007C69F4 /* Build configuration list for PBXNativeTarget "BillSplitter" */;
			buildPhases = (
				C802171F21F4019F007C69F4 /* Sources */,
				C802172021F4019F007C69F4 /* Frameworks */,
				C802172121F4019F007C69F4 /* Resources */,
			);
			buildRules = (
			);
			dependencies = (
			);
			name = BillSplitter;
			productName = BillSplitter;
			productReference = C802172321F4019F007C69F4 /* BillSplitter.app */;
			productType = "com.apple.product-type.application";
		};
		C802173A21F401A0007C69F4 /* BillSplitterTests */ = {
			isa = PBXNativeTarget;
			buildConfigurationList = C802175221F401A0007C69F4 /* Build configuration list for PBXNativeTarget "BillSplitterTests" */;
			buildPhases = (
				C802173721F401A0007C69F4 /* Sources */,
				C802173821F401A0007C69F4 /* Frameworks */,
				C802173921F401A0007C69F4 /* Resources */,
			);
			buildRules = (
			);
			dependencies = (
				C802173D21F401A0007C69F4 /* PBXTargetDependency */,
			);
			name = BillSplitterTests;
			productName = BillSplitterTests;
			productReference = C802173B21F401A0007C69F4 /* BillSplitterTests.xctest */;
			productType = "com.apple.product-type.bundle.unit-test";
		};
		C802174521F401A0007C69F4 /* BillSplitterUITests */ = {
			isa = PBXNativeTarget;
			buildConfigurationList = C802175521F401A0007C69F4 /* Build configuration list for PBXNativeTarget "BillSplitterUITests" */;
			buildPhases = (
				C802174221F401A0007C69F4 /* Sources */,
				C802174321F401A0007C69F4 /* Frameworks */,
				C802174421F401A0007C69F4 /* Resources */,
			);
			buildRules = (
			);
			dependencies = (
				C802174821F401A0007C69F4 /* PBXTargetDependency */,
			);
			name = BillSplitterUITests;
			productName = BillSplitterUITests;
			productReference = C802174621F401A0007C69F4 /* BillSplitterUITests.xctest */;
			productType = "com.apple.product-type.bundle.ui-testing";
		};
/* End PBXNativeTarget section */

/* Begin PBXProject section */
		C802171B21F4019F007C69F4 /* Project object */ = {
			isa = PBXProject;
			attributes = {
				LastUpgradeCheck = 1010;
				ORGANIZATIONNAME = "Jun Oh";
				TargetAttributes = {
					C802172221F4019F007C69F4 = {
						CreatedOnToolsVersion = 10.1;
					};
					C802173A21F401A0007C69F4 = {
						CreatedOnToolsVersion = 10.1;
						TestTargetID = C802172221F4019F007C69F4;
					};
					C802174521F401A0007C69F4 = {
						CreatedOnToolsVersion = 10.1;
						TestTargetID = C802172221F4019F007C69F4;
					};
				};
			};
			buildConfigurationList = C802171E21F4019F007C69F4 /* Build configuration list for PBXProject "BillSplitter" */;
			compatibilityVersion = "Xcode 9.3";
			developmentRegion = en;
			hasScannedForEncodings = 0;
			knownRegions = (
				en,
				Base,
			);
			mainGroup = C802171A21F4019F007C69F4;
			productRefGroup = C802172421F4019F007C69F4 /* Products */;
			projectDirPath = "";
			projectRoot = "";
			targets = (
				C802172221F4019F007C69F4 /* BillSplitter */,
				C802173A21F401A0007C69F4 /* BillSplitterTests */,
				C802174521F401A0007C69F4 /* BillSplitterUITests */,
			);
		};
/* End PBXProject section */

/* Begin PBXResourcesBuildPhase section */
		C802172121F4019F007C69F4 /* Resources */ = {
			isa = PBXResourcesBuildPhase;
			buildActionMask = 2147483647;
			files = (
				C802173321F4019F007C69F4 /* LaunchScreen.storyboard in Resources */,
				C802173021F4019F007C69F4 /* Assets.xcassets in Resources */,
				C802172E21F4019F007C69F4 /* Main.storyboard in Resources */,
			);
			runOnlyForDeploymentPostprocessing = 0;
		};
		C802173921F401A0007C69F4 /* Resources */ = {
			isa = PBXResourcesBuildPhase;
			buildActionMask = 2147483647;
			files = (
			);
			runOnlyForDeploymentPostprocessing = 0;
		};
		C802174421F401A0007C69F4 /* Resources */ = {
			isa = PBXResourcesBuildPhase;
			buildActionMask = 2147483647;
			files = (
			);
			runOnlyForDeploymentPostprocessing = 0;
		};
/* End PBXResourcesBuildPhase section */

/* Begin PBXSourcesBuildPhase section */
		C802171F21F4019F007C69F4 /* Sources */ = {
			isa = PBXSourcesBuildPhase;
			buildActionMask = 2147483647;
			files = (
				C802172B21F4019F007C69F4 /* ViewController.m in Sources */,
				C802173621F4019F007C69F4 /* main.m in Sources */,
				C802172821F4019F007C69F4 /* AppDelegate.m in Sources */,
			);
			runOnlyForDeploymentPostprocessing = 0;
		};
		C802173721F401A0007C69F4 /* Sources */ = {
			isa = PBXSourcesBuildPhase;
			buildActionMask = 2147483647;
			files = (
				C802174021F401A0007C69F4 /* BillSplitterTests.m in Sources */,
			);
			runOnlyForDeploymentPostprocessing = 0;
		};
		C802174221F401A0007C69F4 /* Sources */ = {
			isa = PBXSourcesBuildPhase;
			buildActionMask = 2147483647;
			files = (
				C802174B21F401A0007C69F4 /* BillSplitterUITests.m in Sources */,
			);
			runOnlyForDeploymentPostprocessing = 0;
		};
/* End PBXSourcesBuildPhase section */

/* Begin PBXTargetDependency section */
		C802173D21F401A0007C69F4 /* PBXTargetDependency */ = {
			isa = PBXTargetDependency;
			target = C802172221F4019F007C69F4 /* BillSplitter */;
			targetProxy = C802173C21F401A0007C69F4 /* PBXContainerItemProxy */;
		};
		C802174821F401A0007C69F4 /* PBXTargetDependency */ = {
			isa = PBXTargetDependency;
			target = C802172221F4019F007C69F4 /* BillSplitter */;
			targetProxy = C802174721F401A0007C69F4 /* PBXContainerItemProxy */;
		};
/* End PBXTargetDependency section */

/* Begin PBXVariantGroup section */
		C802172C21F4019F007C69F4 /* Main.storyboard */ = {
			isa = PBXVariantGroup;
			children = (
				C802172D21F4019F007C69F4 /* Base */,
			);
			name = Main.storyboard;
			sourceTree = "<group>";
		};
		C802173121F4019F007C69F4 /* LaunchScreen.storyboard */ = {
			isa = PBXVariantGroup;
			children = (
				C802173221F4019F007C69F4 /* Base */,
			);
			name = LaunchScreen.storyboard;
			sourceTree = "<group>";
		};
/* End PBXVariantGroup section */

/* Begin XCBuildConfiguration section */
		C802174D21F401A0007C69F4 /* Debug */ = {
			isa = XCBuildConfiguration;
			buildSettings = {
				ALWAYS_SEARCH_USER_PATHS = NO;
				CLANG_ANALYZER_NONNULL = YES;
				CLANG_ANALYZER_NUMBER_OBJECT_CONVERSION = YES_AGGRESSIVE;
				CLANG_CXX_LANGUAGE_STANDARD = "gnu++14";
				CLANG_CXX_LIBRARY = "libc++";
				CLANG_ENABLE_MODULES = YES;
				CLANG_ENABLE_OBJC_ARC = YES;
				CLANG_ENABLE_OBJC_WEAK = YES;
				CLANG_WARN_BLOCK_CAPTURE_AUTORELEASING = YES;
				CLANG_WARN_BOOL_CONVERSION = YES;
				CLANG_WARN_COMMA = YES;
				CLANG_WARN_CONSTANT_CONVERSION = YES;
				CLANG_WARN_DEPRECATED_OBJC_IMPLEMENTATIONS = YES;
				CLANG_WARN_DIRECT_OBJC_ISA_USAGE = YES_ERROR;
				CLANG_WARN_DOCUMENTATION_COMMENTS = YES;
				CLANG_WARN_EMPTY_BODY = YES;
				CLANG_WARN_ENUM_CONVERSION = YES;
				CLANG_WARN_INFINITE_RECURSION = YES;
				CLANG_WARN_INT_CONVERSION = YES;
				CLANG_WARN_NON_LITERAL_NULL_CONVERSION = YES;
				CLANG_WARN_OBJC_IMPLICIT_RETAIN_SELF = YES;
				CLANG_WARN_OBJC_LITERAL_CONVERSION = YES;
				CLANG_WARN_OBJC_ROOT_CLASS = YES_ERROR;
				CLANG_WARN_RANGE_LOOP_ANALYSIS = YES;
				CLANG_WARN_STRICT_PROTOTYPES = YES;
				CLANG_WARN_SUSPICIOUS_MOVE = YES;
				CLANG_WARN_UNGUARDED_AVAILABILITY = YES_AGGRESSIVE;
				CLANG_WARN_UNREACHABLE_CODE = YES;
				CLANG_WARN__DUPLICATE_METHOD_MATCH = YES;
				CODE_SIGN_IDENTITY = "iPhone Developer";
				COPY_PHASE_STRIP = NO;
				DEBUG_INFORMATION_FORMAT = dwarf;
				ENABLE_STRICT_OBJC_MSGSEND = YES;
				ENABLE_TESTABILITY = YES;
				GCC_C_LANGUAGE_STANDARD = gnu11;
				GCC_DYNAMIC_NO_PIC = NO;
				GCC_NO_COMMON_BLOCKS = YES;
				GCC_OPTIMIZATION_LEVEL = 0;
				GCC_PREPROCESSOR_DEFINITIONS = (
					"DEBUG=1",
					"$(inherited)",
				);
				GCC_WARN_64_TO_32_BIT_CONVERSION = YES;
				GCC_WARN_ABOUT_RETURN_TYPE = YES_ERROR;
				GCC_WARN_UNDECLARED_SELECTOR = YES;
				GCC_WARN_UNINITIALIZED_AUTOS = YES_AGGRESSIVE;
				GCC_WARN_UNUSED_FUNCTION = YES;
				GCC_WARN_UNUSED_VARIABLE = YES;
				IPHONEOS_DEPLOYMENT_TARGET = 12.1;
				MTL_ENABLE_DEBUG_INFO = INCLUDE_SOURCE;
				MTL_FAST_MATH = YES;
				ONLY_ACTIVE_ARCH = YES;
				SDKROOT = iphoneos;
			};
			name = Debug;
		};
		C802174E21F401A0007C69F4 /* Release */ = {
			isa = XCBuildConfiguration;
			buildSettings = {
				ALWAYS_SEARCH_USER_PATHS = NO;
				CLANG_ANALYZER_NONNULL = YES;
				CLANG_ANALYZER_NUMBER_OBJECT_CONVERSION = YES_AGGRESSIVE;
				CLANG_CXX_LANGUAGE_STANDARD = "gnu++14";
				CLANG_CXX_LIBRARY = "libc++";
				CLANG_ENABLE_MODULES = YES;
				CLANG_ENABLE_OBJC_ARC = YES;
				CLANG_ENABLE_OBJC_WEAK = YES;
				CLANG_WARN_BLOCK_CAPTURE_AUTORELEASING = YES;
				CLANG_WARN_BOOL_CONVERSION = YES;
				CLANG_WARN_COMMA = YES;
				CLANG_WARN_CONSTANT_CONVERSION = YES;
				CLANG_WARN_DEPRECATED_OBJC_IMPLEMENTATIONS = YES;
				CLANG_WARN_DIRECT_OBJC_ISA_USAGE = YES_ERROR;
				CLANG_WARN_DOCUMENTATION_COMMENTS = YES;
				CLANG_WARN_EMPTY_BODY = YES;
				CLANG_WARN_ENUM_CONVERSION = YES;
				CLANG_WARN_INFINITE_RECURSION = YES;
				CLANG_WARN_INT_CONVERSION = YES;
				CLANG_WARN_NON_LITERAL_NULL_CONVERSION = YES;
				CLANG_WARN_OBJC_IMPLICIT_RETAIN_SELF = YES;
				CLANG_WARN_OBJC_LITERAL_CONVERSION = YES;
				CLANG_WARN_OBJC_ROOT_CLASS = YES_ERROR;
				CLANG_WARN_RANGE_LOOP_ANALYSIS = YES;
				CLANG_WARN_STRICT_PROTOTYPES = YES;
				CLANG_WARN_SUSPICIOUS_MOVE = YES;
				CLANG_WARN_UNGUARDED_AVAILABILITY = YES_AGGRESSIVE;
				CLANG_WARN_UNREACHABLE_CODE = YES;
				CLANG_WARN__DUPLICATE_METHOD_MATCH = YES;
				CODE_SIGN_IDENTITY = "iPhone Developer";
				COPY_PHASE_STRIP = NO;
				DEBUG_INFORMATION_FORMAT = "dwarf-with-dsym";
				ENABLE_NS_ASSERTIONS = NO;
				ENABLE_STRICT_OBJC_MSGSEND = YES;
				GCC_C_LANGUAGE_STANDARD = gnu11;
				GCC_NO_COMMON_BLOCKS = YES;
				GCC_WARN_64_TO_32_BIT_CONVERSION = YES;
				GCC_WARN_ABOUT_RETURN_TYPE = YES_ERROR;
				GCC_WARN_UNDECLARED_SELECTOR = YES;
				GCC_WARN_UNINITIALIZED_AUTOS = YES_AGGRESSIVE;
				GCC_WARN_UNUSED_FUNCTION = YES;
				GCC_WARN_UNUSED_VARIABLE = YES;
				IPHONEOS_DEPLOYMENT_TARGET = 12.1;
				MTL_ENABLE_DEBUG_INFO = NO;
				MTL_FAST_MATH = YES;
				SDKROOT = iphoneos;
				VALIDATE_PRODUCT = YES;
			};
			name = Release;
		};
		C802175021F401A0007C69F4 /* Debug */ = {
			isa = XCBuildConfiguration;
			buildSettings = {
				ASSETCATALOG_COMPILER_APPICON_NAME = AppIcon;
				CODE_SIGN_STYLE = Automatic;
				INFOPLIST_FILE = BillSplitter/Info.plist;
				LD_RUNPATH_SEARCH_PATHS = (
					"$(inherited)",
					"@executable_path/Frameworks",
				);
				PRODUCT_BUNDLE_IDENTIFIER = com.juuuuuun.BillSplitter;
				PRODUCT_NAME = "$(TARGET_NAME)";
				TARGETED_DEVICE_FAMILY = "1,2";
			};
			name = Debug;
		};
		C802175121F401A0007C69F4 /* Release */ = {
			isa = XCBuildConfiguration;
			buildSettings = {
				ASSETCATALOG_COMPILER_APPICON_NAME = AppIcon;
				CODE_SIGN_STYLE = Automatic;
				INFOPLIST_FILE = BillSplitter/Info.plist;
				LD_RUNPATH_SEARCH_PATHS = (
					"$(inherited)",
					"@executable_path/Frameworks",
				);
				PRODUCT_BUNDLE_IDENTIFIER = com.juuuuuun.BillSplitter;
				PRODUCT_NAME = "$(TARGET_NAME)";
				TARGETED_DEVICE_FAMILY = "1,2";
			};
			name = Release;
		};
		C802175321F401A0007C69F4 /* Debug */ = {
			isa = XCBuildConfiguration;
			buildSettings = {
				BUNDLE_LOADER = "$(TEST_HOST)";
				CODE_SIGN_STYLE = Automatic;
				INFOPLIST_FILE = BillSplitterTests/Info.plist;
				LD_RUNPATH_SEARCH_PATHS = (
					"$(inherited)",
					"@executable_path/Frameworks",
					"@loader_path/Frameworks",
				);
				PRODUCT_BUNDLE_IDENTIFIER = com.juuuuuun.BillSplitterTests;
				PRODUCT_NAME = "$(TARGET_NAME)";
				TARGETED_DEVICE_FAMILY = "1,2";
				TEST_HOST = "$(BUILT_PRODUCTS_DIR)/BillSplitter.app/BillSplitter";
			};
			name = Debug;
		};
		C802175421F401A0007C69F4 /* Release */ = {
			isa = XCBuildConfiguration;
			buildSettings = {
				BUNDLE_LOADER = "$(TEST_HOST)";
				CODE_SIGN_STYLE = Automatic;
				INFOPLIST_FILE = BillSplitterTests/Info.plist;
				LD_RUNPATH_SEARCH_PATHS = (
					"$(inherited)",
					"@executable_path/Frameworks",
					"@loader_path/Frameworks",
				);
				PRODUCT_BUNDLE_IDENTIFIER = com.juuuuuun.BillSplitterTests;
				PRODUCT_NAME = "$(TARGET_NAME)";
				TARGETED_DEVICE_FAMILY = "1,2";
				TEST_HOST = "$(BUILT_PRODUCTS_DIR)/BillSplitter.app/BillSplitter";
			};
			name = Release;
		};
		C802175621F401A0007C69F4 /* Debug */ = {
			isa = XCBuildConfiguration;
			buildSettings = {
				CODE_SIGN_STYLE = Automatic;
				INFOPLIST_FILE = BillSplitterUITests/Info.plist;
				LD_RUNPATH_SEARCH_PATHS = (
					"$(inherited)",
					"@executable_path/Frameworks",
					"@loader_path/Frameworks",
				);
				PRODUCT_BUNDLE_IDENTIFIER = com.juuuuuun.BillSplitterUITests;
				PRODUCT_NAME = "$(TARGET_NAME)";
				TARGETED_DEVICE_FAMILY = "1,2";
				TEST_TARGET_NAME = BillSplitter;
			};
			name = Debug;
		};
		C802175721F401A0007C69F4 /* Release */ = {
			isa = XCBuildConfiguration;
			buildSettings = {
				CODE_SIGN_STYLE = Automatic;
				INFOPLIST_FILE = BillSplitterUITests/Info.plist;
				LD_RUNPATH_SEARCH_PATHS = (
					"$(inherited)",
					"@executable_path/Frameworks",
					"@loader_path/Frameworks",
				);
				PRODUCT_BUNDLE_IDENTIFIER = com.juuuuuun.BillSplitterUITests;
				PRODUCT_NAME = "$(TARGET_NAME)";
				TARGETED_DEVICE_FAMILY = "1,2";
				TEST_TARGET_NAME = BillSplitter;
			};
			name = Release;
		};
/* End XCBuildConfiguration section */

/* Begin XCConfigurationList section */
		C802171E21F4019F007C69F4 /* Build configuration list for PBXProject "BillSplitter" */ = {
			isa = XCConfigurationList;
			buildConfigurations = (
				C802174D21F401A0007C69F4 /* Debug */,
				C802174E21F401A0007C69F4 /* Release */,
			);
			defaultConfigurationIsVisible = 0;
			defaultConfigurationName = Release;
		};
		C802174F21F401A0007C69F4 /* Build configuration list for PBXNativeTarget "BillSplitter" */ = {
			isa = XCConfigurationList;
			buildConfigurations = (
				C802175021F401A0007C69F4 /* Debug */,
				C802175121F401A0007C69F4 /* Release */,
			);
			defaultConfigurationIsVisible = 0;
			defaultConfigurationName = Release;
		};
		C802175221F401A0007C69F4 /* Build configuration list for PBXNativeTarget "BillSplitterTests" */ = {
			isa = XCConfigurationList;
			buildConfigurations = (
				C802175321F401A0007C69F4 /* Debug */,
				C802175421F401A0007C69F4 /* Release */,
			);
			defaultConfigurationIsVisible = 0;
			defaultConfigurationName = Release;
		};
		C802175521F401A0007C69F4 /* Build configuration list for PBXNativeTarget "BillSplitterUITests" */ = {
			isa = XCConfigurationList;
			buildConfigurations = (
				C802175621F401A0007C69F4 /* Debug */,
				C802175721F401A0007C69F4 /* Release */,
			);
			defaultConfigurationIsVisible = 0;
			defaultConfigurationName = Release;
		};
/* End XCConfigurationList section */
	};
	rootObject = C802171B21F4019F007C69F4 /* Project object */;
}
